
Microsoft Visual Studio Solution File, Format Version 11.00
# Visual Studio 2010
Project("{FAE04EC0-301F-11D3-BF4B-00C04F79EFBC}") = "PvZTools", "PvZTools.csproj", "{5E62F60C-F31E-44D3-82BF-8256F0297011}"
EndProject
Project("{FAE04EC0-301F-11D3-BF4B-00C04F79EFBC}") = "IntelOrca.MemPatch", "..\IntelOrca.MemPatch\IntelOrca.MemPatch.csproj", "{28741DD2-F467-446E-A363-6814DAEA23F6}"
EndProject
Global
	GlobalSection(SolutionConfigurationPlatforms) = preSolution
		Debug|Any CPU = Debug|Any CPU
		Debug|Mixed Platforms = Debug|Mixed Platforms
		Debug|x86 = Debug|x86
		Release|Any CPU = Release|Any CPU
		Release|Mixed Platforms = Release|Mixed Platforms
		Release|x86 = Release|x86
	EndGlobalSection
	GlobalSection(ProjectConfigurationPlatforms) = postSolution
		{5E62F60C-F31E-44D3-82BF-8256F0297011}.Debug|Any CPU.ActiveCfg = Debug|x86
		{5E62F60C-F31E-44D3-82BF-8256F0297011}.Debug|Mixed Platforms.ActiveCfg = Debug|x86
		{5E62F60C-F31E-44D3-82BF-8256F0297011}.Debug|Mixed Platforms.Build.0 = Debug|x86
		{5E62F60C-F31E-44D3-82BF-8256F0297011}.Debug|x86.ActiveCfg = Debug|x86
		{5E62F60C-F31E-44D3-82BF-8256F0297011}.Debug|x86.Build.0 = Debug|x86
		{5E62F60C-F31E-44D3-82BF-8256F0297011}.Release|Any CPU.ActiveCfg = Release|x86
		{5E62F60C-F31E-44D3-82BF-8256F0297011}.Release|Mixed Platforms.ActiveCfg = Release|x86
		{5E62F60C-F31E-44D3-82BF-8256F0297011}.Release|Mixed Platforms.Build.0 = Release|x86
		{5E62F60C-F31E-44D3-82BF-8256F0297011}.Release|x86.ActiveCfg = Release|x86
		{5E62F60C-F31E-44D3-82BF-8256F0297011}.Release|x86.Build.0 = Release|x86
		{28741DD2-F467-446E-A363-6814DAEA23F6}.Debug|Any CPU.ActiveCfg = Debug|Any CPU
		{28741DD2-F467-446E-A363-6814DAEA23F6}.Debug|Any CPU.Build.0 = Debug|Any CPU
		{28741DD2-F467-446E-A363-6814DAEA23F6}.Debug|Mixed Platforms.ActiveCfg = Debug|Any CPU
		{28741DD2-F467-446E-A363-6814DAEA23F6}.Debug|Mixed Platforms.Build.0 = Debug|Any CPU
		{28741DD2-F467-446E-A363-6814DAEA23F6}.Debug|x86.ActiveCfg = Debug|Any CPU
		{28741DD2-F467-446E-A363-6814DAEA23F6}.Release|Any CPU.ActiveCfg = Release|Any CPU
		{28741DD2-F467-446E-A363-6814DAEA23F6}.Release|Any CPU.Build.0 = Release|Any CPU
		{28741DD2-F467-446E-A363-6814DAEA23F6}.Release|Mixed Platforms.ActiveCfg = Release|Any CPU
		{28741DD2-F467-446E-A363-6814DAEA23F6}.Release|Mixed Platforms.Build.0 = Release|Any CPU
		{28741DD2-F467-446E-A363-6814DAEA23F6}.Release|x86.ActiveCfg = Release|Any CPU
	EndGlobalSection
	GlobalSection(SolutionProperties) = preSolution
		HideSolutionNode = FALSE
	EndGlobalSection
EndGlobal
